
Microsoft Visual Studio Solution File, Format Version 12.00
# Visual Studio Version 17
VisualStudioVersion = 17.3.32929.385
MinimumVisualStudioVersion = 10.0.40219.1
Project("{FAE04EC0-301F-11D3-BF4B-00C04F79EFBC}") = "Rodila_Maria_Alejandra_Lab2", "Rodila_Maria_Alejandra_Lab2\Rodila_Maria_Alejandra_Lab2.csproj", "{5E8C8A7C-333A-43CA-BC1F-AA7C80810142}"
EndProject
Global
	GlobalSection(SolutionConfigurationPlatforms) = preSolution
		Debug|Any CPU = Debug|Any CPU
		Release|Any CPU = Release|Any CPU
	EndGlobalSection
	GlobalSection(ProjectConfigurationPlatforms) = postSolution
		{5E8C8A7C-333A-43CA-BC1F-AA7C80810142}.Debug|Any CPU.ActiveCfg = Debug|Any CPU
		{5E8C8A7C-333A-43CA-BC1F-AA7C80810142}.Debug|Any CPU.Build.0 = Debug|Any CPU
		{5E8C8A7C-333A-43CA-BC1F-AA7C80810142}.Release|Any CPU.ActiveCfg = Release|Any CPU
		{5E8C8A7C-333A-43CA-BC1F-AA7C80810142}.Release|Any CPU.Build.0 = Release|Any CPU
	EndGlobalSection
	GlobalSection(SolutionProperties) = preSolution
		HideSolutionNode = FALSE
	EndGlobalSection
	GlobalSection(ExtensibilityGlobals) = postSolution
		SolutionGuid = {F605C369-89FB-4226-9146-016D51150C88}
	EndGlobalSection
EndGlobal
